
Microsoft Visual Studio Solution File, Format Version 12.00
# Visual Studio 15
VisualStudioVersion = 15.0.28010.2016
MinimumVisualStudioVersion = 10.0.40219.1
Project("{FAE04EC0-301F-11D3-BF4B-00C04F79EFBC}") = "MetodoGaussSeidel", "MetodoGaussSeidel\MetodoGaussSeidel.csproj", "{26469CC2-3BB8-4E8C-A13F-54A4B2608D0E}"
EndProject
Global
	GlobalSection(SolutionConfigurationPlatforms) = preSolution
		Debug|Any CPU = Debug|Any CPU
		Release|Any CPU = Release|Any CPU
	EndGlobalSection
	GlobalSection(ProjectConfigurationPlatforms) = postSolution
		{26469CC2-3BB8-4E8C-A13F-54A4B2608D0E}.Debug|Any CPU.ActiveCfg = Debug|Any CPU
		{26469CC2-3BB8-4E8C-A13F-54A4B2608D0E}.Debug|Any CPU.Build.0 = Debug|Any CPU
		{26469CC2-3BB8-4E8C-A13F-54A4B2608D0E}.Release|Any CPU.ActiveCfg = Release|Any CPU
		{26469CC2-3BB8-4E8C-A13F-54A4B2608D0E}.Release|Any CPU.Build.0 = Release|Any CPU
	EndGlobalSection
	GlobalSection(SolutionProperties) = preSolution
		HideSolutionNode = FALSE
	EndGlobalSection
	GlobalSection(ExtensibilityGlobals) = postSolution
		SolutionGuid = {9482B6FB-29DE-4E75-ACB6-6BFF2F683137}
	EndGlobalSection
EndGlobal
